
Microsoft Visual Studio Solution File, Format Version 12.00
# Visual Studio Version 17
VisualStudioVersion = 17.9.34728.123
MinimumVisualStudioVersion = 10.0.40219.1
Project("{888888A0-9F3D-457C-B088-3A5042F75D52}") = "MacroYourself", "MacroYourself\MacroYourself.pyproj", "{6C6BEA4F-F369-4CD8-98BE-F8656E3AD6BC}"
EndProject
Global
	GlobalSection(SolutionConfigurationPlatforms) = preSolution
		Debug|Any CPU = Debug|Any CPU
		Release|Any CPU = Release|Any CPU
	EndGlobalSection
	GlobalSection(ProjectConfigurationPlatforms) = postSolution
		{6C6BEA4F-F369-4CD8-98BE-F8656E3AD6BC}.Debug|Any CPU.ActiveCfg = Debug|Any CPU
		{6C6BEA4F-F369-4CD8-98BE-F8656E3AD6BC}.Release|Any CPU.ActiveCfg = Release|Any CPU
	EndGlobalSection
	GlobalSection(SolutionProperties) = preSolution
		HideSolutionNode = FALSE
	EndGlobalSection
	GlobalSection(ExtensibilityGlobals) = postSolution
		SolutionGuid = {110AD40C-650B-49C9-A00E-EB9A3F7F9C78}
	EndGlobalSection
EndGlobal
